
Microsoft Visual Studio Solution File, Format Version 12.00
# Visual Studio Version 16
VisualStudioVersion = 16.0.30503.244
MinimumVisualStudioVersion = 10.0.40219.1
Project("{FAE04EC0-301F-11D3-BF4B-00C04F79EFBC}") = "LinqMethodsRealization", "LinqMethodsRealization.csproj", "{B780625F-1571-4DC3-801C-30BE0FD41501}"
	ProjectSection(ProjectDependencies) = postProject
		{390729A0-D6F0-4FF7-8524-6E4C42E6A40B} = {390729A0-D6F0-4FF7-8524-6E4C42E6A40B}
	EndProjectSection
EndProject
Project("{FAE04EC0-301F-11D3-BF4B-00C04F79EFBC}") = "MyLinq", "MyLinq\MyLinq.csproj", "{390729A0-D6F0-4FF7-8524-6E4C42E6A40B}"
EndProject
Global
	GlobalSection(SolutionConfigurationPlatforms) = preSolution
		Debug|Any CPU = Debug|Any CPU
		Release|Any CPU = Release|Any CPU
	EndGlobalSection
	GlobalSection(ProjectConfigurationPlatforms) = postSolution
		{B780625F-1571-4DC3-801C-30BE0FD41501}.Debug|Any CPU.ActiveCfg = Debug|Any CPU
		{B780625F-1571-4DC3-801C-30BE0FD41501}.Debug|Any CPU.Build.0 = Debug|Any CPU
		{B780625F-1571-4DC3-801C-30BE0FD41501}.Release|Any CPU.ActiveCfg = Release|Any CPU
		{B780625F-1571-4DC3-801C-30BE0FD41501}.Release|Any CPU.Build.0 = Release|Any CPU
		{390729A0-D6F0-4FF7-8524-6E4C42E6A40B}.Debug|Any CPU.ActiveCfg = Debug|Any CPU
		{390729A0-D6F0-4FF7-8524-6E4C42E6A40B}.Debug|Any CPU.Build.0 = Debug|Any CPU
		{390729A0-D6F0-4FF7-8524-6E4C42E6A40B}.Release|Any CPU.ActiveCfg = Release|Any CPU
		{390729A0-D6F0-4FF7-8524-6E4C42E6A40B}.Release|Any CPU.Build.0 = Release|Any CPU
	EndGlobalSection
	GlobalSection(SolutionProperties) = preSolution
		HideSolutionNode = FALSE
	EndGlobalSection
	GlobalSection(ExtensibilityGlobals) = postSolution
		SolutionGuid = {9DE0182C-379E-4F31-AFD7-79F4EAD320FE}
	EndGlobalSection
EndGlobal
